
Microsoft Visual Studio Solution File, Format Version 12.00
# Visual Studio Version 17
VisualStudioVersion = 17.13.35931.197
MinimumVisualStudioVersion = 10.0.40219.1
Project("{FAE04EC0-301F-11D3-BF4B-00C04F79EFBC}") = "QuantTrading.Core", "QuantTrading.Core\QuantTrading.Core.csproj", "{60BEC1CA-99C1-43D4-9C76-D8D94DF6289D}"
EndProject
Project("{FAE04EC0-301F-11D3-BF4B-00C04F79EFBC}") = "QuantTrading.Engine", "QuantTrading.Engine\QuantTrading.Engine.csproj", "{27D6524C-5656-468B-A0D4-AA502B647C67}"
EndProject
Project("{FAE04EC0-301F-11D3-BF4B-00C04F79EFBC}") = "QuantTrading.UI", "QuantTrading.UI\QuantTrading.UI.csproj", "{B5364C6E-FD63-4991-8E28-C446C079E6FD}"
EndProject
Global
	GlobalSection(SolutionConfigurationPlatforms) = preSolution
		Debug|Any CPU = Debug|Any CPU
		Release|Any CPU = Release|Any CPU
	EndGlobalSection
	GlobalSection(ProjectConfigurationPlatforms) = postSolution
		{60BEC1CA-99C1-43D4-9C76-D8D94DF6289D}.Debug|Any CPU.ActiveCfg = Debug|Any CPU
		{60BEC1CA-99C1-43D4-9C76-D8D94DF6289D}.Debug|Any CPU.Build.0 = Debug|Any CPU
		{60BEC1CA-99C1-43D4-9C76-D8D94DF6289D}.Release|Any CPU.ActiveCfg = Release|Any CPU
		{60BEC1CA-99C1-43D4-9C76-D8D94DF6289D}.Release|Any CPU.Build.0 = Release|Any CPU
		{27D6524C-5656-468B-A0D4-AA502B647C67}.Debug|Any CPU.ActiveCfg = Debug|Any CPU
		{27D6524C-5656-468B-A0D4-AA502B647C67}.Debug|Any CPU.Build.0 = Debug|Any CPU
		{27D6524C-5656-468B-A0D4-AA502B647C67}.Release|Any CPU.ActiveCfg = Release|Any CPU
		{27D6524C-5656-468B-A0D4-AA502B647C67}.Release|Any CPU.Build.0 = Release|Any CPU
		{B5364C6E-FD63-4991-8E28-C446C079E6FD}.Debug|Any CPU.ActiveCfg = Debug|Any CPU
		{B5364C6E-FD63-4991-8E28-C446C079E6FD}.Debug|Any CPU.Build.0 = Debug|Any CPU
		{B5364C6E-FD63-4991-8E28-C446C079E6FD}.Release|Any CPU.ActiveCfg = Release|Any CPU
		{B5364C6E-FD63-4991-8E28-C446C079E6FD}.Release|Any CPU.Build.0 = Release|Any CPU
	EndGlobalSection
	GlobalSection(SolutionProperties) = preSolution
		HideSolutionNode = FALSE
	EndGlobalSection
	GlobalSection(ExtensibilityGlobals) = postSolution
		SolutionGuid = {B0ABC004-C63D-4733-8688-F37EC857FCB8}
	EndGlobalSection
EndGlobal
